
Microsoft Visual Studio Solution File, Format Version 12.00
# Visual Studio Version 17
VisualStudioVersion = 17.1.32407.343
MinimumVisualStudioVersion = 10.0.40219.1
Project("{FAE04EC0-301F-11D3-BF4B-00C04F79EFBC}") = "test", "test.csproj", "{14C71586-67A1-47C1-A23E-EF942220364A}"
EndProject
Project("{54435603-DBB4-11D2-8724-00A0C9A8B90C}") = "Setup", "..\Setup\Setup.vdproj", "{54D2E856-AFC4-4788-8F9A-07A217336B14}"
EndProject
Global
	GlobalSection(SolutionConfigurationPlatforms) = preSolution
		Debug|Any CPU = Debug|Any CPU
		Release|Any CPU = Release|Any CPU
	EndGlobalSection
	GlobalSection(ProjectConfigurationPlatforms) = postSolution
		{14C71586-67A1-47C1-A23E-EF942220364A}.Debug|Any CPU.ActiveCfg = Debug|Any CPU
		{14C71586-67A1-47C1-A23E-EF942220364A}.Debug|Any CPU.Build.0 = Debug|Any CPU
		{14C71586-67A1-47C1-A23E-EF942220364A}.Release|Any CPU.ActiveCfg = Release|Any CPU
		{14C71586-67A1-47C1-A23E-EF942220364A}.Release|Any CPU.Build.0 = Release|Any CPU
		{54D2E856-AFC4-4788-8F9A-07A217336B14}.Debug|Any CPU.ActiveCfg = Debug
		{54D2E856-AFC4-4788-8F9A-07A217336B14}.Release|Any CPU.ActiveCfg = Release
	EndGlobalSection
	GlobalSection(SolutionProperties) = preSolution
		HideSolutionNode = FALSE
	EndGlobalSection
	GlobalSection(ExtensibilityGlobals) = postSolution
		SolutionGuid = {6479A74C-338C-4B76-8F53-250E0E094846}
	EndGlobalSection
EndGlobal
